
Microsoft Visual Studio Solution File, Format Version 12.00
# Visual Studio 15
VisualStudioVersion = 15.0.28307.902
MinimumVisualStudioVersion = 10.0.40219.1
Project("{9A19103F-16F7-4668-BE54-9A1E7A4F7556}") = "ConsoleApp", "ConsoleApp\ConsoleApp.csproj", "{46F720BE-34A6-483A-AEA5-75291EBA91BA}"
EndProject
Project("{9A19103F-16F7-4668-BE54-9A1E7A4F7556}") = "TradeDataAPI", "TradeDataAPI\TradeDataAPI.csproj", "{AB5CF567-AC04-49BF-BA34-F4402055ACE2}"
EndProject
Project("{9092AA53-FB77-4645-B42D-1CCCA6BD08BD}") = "ConsoleAppNode", "ConsoleAppNode\ConsoleAppNode.njsproj", "{CFF8BCCD-7147-4806-BDCB-26472F13D34E}"
EndProject
Project("{FAE04EC0-301F-11D3-BF4B-00C04F79EFBC}") = "QueueProcessor", "QueueProcessor\QueueProcessor.csproj", "{5D714473-74B4-4682-B697-C8C258128B44}"
EndProject
Project("{FAE04EC0-301F-11D3-BF4B-00C04F79EFBC}") = "Common", "Common\Common.csproj", "{32968098-7891-4F15-84C5-3197F4948292}"
EndProject
Global
	GlobalSection(SolutionConfigurationPlatforms) = preSolution
		Debug|Any CPU = Debug|Any CPU
		Release|Any CPU = Release|Any CPU
	EndGlobalSection
	GlobalSection(ProjectConfigurationPlatforms) = postSolution
		{46F720BE-34A6-483A-AEA5-75291EBA91BA}.Debug|Any CPU.ActiveCfg = Debug|Any CPU
		{46F720BE-34A6-483A-AEA5-75291EBA91BA}.Debug|Any CPU.Build.0 = Debug|Any CPU
		{46F720BE-34A6-483A-AEA5-75291EBA91BA}.Release|Any CPU.ActiveCfg = Release|Any CPU
		{46F720BE-34A6-483A-AEA5-75291EBA91BA}.Release|Any CPU.Build.0 = Release|Any CPU
		{AB5CF567-AC04-49BF-BA34-F4402055ACE2}.Debug|Any CPU.ActiveCfg = Debug|Any CPU
		{AB5CF567-AC04-49BF-BA34-F4402055ACE2}.Debug|Any CPU.Build.0 = Debug|Any CPU
		{AB5CF567-AC04-49BF-BA34-F4402055ACE2}.Release|Any CPU.ActiveCfg = Release|Any CPU
		{AB5CF567-AC04-49BF-BA34-F4402055ACE2}.Release|Any CPU.Build.0 = Release|Any CPU
		{CFF8BCCD-7147-4806-BDCB-26472F13D34E}.Debug|Any CPU.ActiveCfg = Debug|Any CPU
		{CFF8BCCD-7147-4806-BDCB-26472F13D34E}.Debug|Any CPU.Build.0 = Debug|Any CPU
		{CFF8BCCD-7147-4806-BDCB-26472F13D34E}.Release|Any CPU.ActiveCfg = Release|Any CPU
		{CFF8BCCD-7147-4806-BDCB-26472F13D34E}.Release|Any CPU.Build.0 = Release|Any CPU
		{5D714473-74B4-4682-B697-C8C258128B44}.Debug|Any CPU.ActiveCfg = Debug|Any CPU
		{5D714473-74B4-4682-B697-C8C258128B44}.Debug|Any CPU.Build.0 = Debug|Any CPU
		{5D714473-74B4-4682-B697-C8C258128B44}.Release|Any CPU.ActiveCfg = Release|Any CPU
		{5D714473-74B4-4682-B697-C8C258128B44}.Release|Any CPU.Build.0 = Release|Any CPU
		{32968098-7891-4F15-84C5-3197F4948292}.Debug|Any CPU.ActiveCfg = Debug|Any CPU
		{32968098-7891-4F15-84C5-3197F4948292}.Debug|Any CPU.Build.0 = Debug|Any CPU
		{32968098-7891-4F15-84C5-3197F4948292}.Release|Any CPU.ActiveCfg = Release|Any CPU
		{32968098-7891-4F15-84C5-3197F4948292}.Release|Any CPU.Build.0 = Release|Any CPU
	EndGlobalSection
	GlobalSection(SolutionProperties) = preSolution
		HideSolutionNode = FALSE
	EndGlobalSection
	GlobalSection(ExtensibilityGlobals) = postSolution
		SolutionGuid = {EF586A1B-17DC-402D-B53D-B6E4911E40D8}
	EndGlobalSection
EndGlobal
